// !$*UTF8*$!
{
	archiveVersion = 1;
	classes = {
	};
	objectVersion = 46;
	objects = {

/* Begin PBXBuildFile section */
		BF45FFA8209BB1FB0090C39C /* main.m in Sources */ = {isa = PBXBuildFile; fileRef = BF45FFA7209BB1FB0090C39C /* main.m */; };
		BF45FFB8209BB20F0090C39C /* Cook.m in Sources */ = {isa = PBXBuildFile; fileRef = BF45FFAF209BB20F0090C39C /* Cook.m */; };
		BF45FFB9209BB20F0090C39C /* FoodTruck.m in Sources */ = {isa = PBXBuildFile; fileRef = BF45FFB1209BB20F0090C39C /* FoodTruck.m */; };
		BF45FFBA209BB20F0090C39C /* FriendlyGreeterDecider.m in Sources */ = {isa = PBXBuildFile; fileRef = BF45FFB3209BB20F0090C39C /* FriendlyGreeterDecider.m */; };
		BF45FFBB209BB20F0090C39C /* Greeter.m in Sources */ = {isa = PBXBuildFile; fileRef = BF45FFB5209BB20F0090C39C /* Greeter.m */; };
		BF45FFBC209BB20F0090C39C /* HorribleGreeterDecider.m in Sources */ = {isa = PBXBuildFile; fileRef = BF45FFB7209BB20F0090C39C /* HorribleGreeterDecider.m */; };
		BF45FFBF209BB21D0090C39C /* Server.m in Sources */ = {isa = PBXBuildFile; fileRef = BF45FFBE209BB21D0090C39C /* Server.m */; };
/* End PBXBuildFile section */

/* Begin PBXCopyFilesBuildPhase section */
		BF45FFA2209BB1FB0090C39C /* CopyFiles */ = {
			isa = PBXCopyFilesBuildPhase;
			buildActionMask = 2147483647;
			dstPath = /usr/share/man/man1/;
			dstSubfolderSpec = 0;
			files = (
			);
			runOnlyForDeploymentPostprocessing = 1;
		};
/* End PBXCopyFilesBuildPhase section */

/* Begin PBXFileReference section */
		BF45FFA4209BB1FB0090C39C /* Assignment9 */ = {isa = PBXFileReference; explicitFileType = "compiled.mach-o.executable"; includeInIndex = 0; path = Assignment9; sourceTree = BUILT_PRODUCTS_DIR; };
		BF45FFA7209BB1FB0090C39C /* main.m */ = {isa = PBXFileReference; lastKnownFileType = sourcecode.c.objc; path = main.m; sourceTree = "<group>"; };
		BF45FFAE209BB20F0090C39C /* Cook.h */ = {isa = PBXFileReference; fileEncoding = 4; lastKnownFileType = sourcecode.c.h; path = Cook.h; sourceTree = "<group>"; };
		BF45FFAF209BB20F0090C39C /* Cook.m */ = {isa = PBXFileReference; fileEncoding = 4; lastKnownFileType = sourcecode.c.objc; path = Cook.m; sourceTree = "<group>"; };
		BF45FFB0209BB20F0090C39C /* FoodTruck.h */ = {isa = PBXFileReference; fileEncoding = 4; lastKnownFileType = sourcecode.c.h; path = FoodTruck.h; sourceTree = "<group>"; };
		BF45FFB1209BB20F0090C39C /* FoodTruck.m */ = {isa = PBXFileReference; fileEncoding = 4; lastKnownFileType = sourcecode.c.objc; path = FoodTruck.m; sourceTree = "<group>"; };
		BF45FFB2209BB20F0090C39C /* FriendlyGreeterDecider.h */ = {isa = PBXFileReference; fileEncoding = 4; lastKnownFileType = sourcecode.c.h; path = FriendlyGreeterDecider.h; sourceTree = "<group>"; };
		BF45FFB3209BB20F0090C39C /* FriendlyGreeterDecider.m */ = {isa = PBXFileReference; fileEncoding = 4; lastKnownFileType = sourcecode.c.objc; path = FriendlyGreeterDecider.m; sourceTree = "<group>"; };
		BF45FFB4209BB20F0090C39C /* Greeter.h */ = {isa = PBXFileReference; fileEncoding = 4; lastKnownFileType = sourcecode.c.h; path = Greeter.h; sourceTree = "<group>"; };
		BF45FFB5209BB20F0090C39C /* Greeter.m */ = {isa = PBXFileReference; fileEncoding = 4; lastKnownFileType = sourcecode.c.objc; path = Greeter.m; sourceTree = "<group>"; };
		BF45FFB6209BB20F0090C39C /* HorribleGreeterDecider.h */ = {isa = PBXFileReference; fileEncoding = 4; lastKnownFileType = sourcecode.c.h; path = HorribleGreeterDecider.h; sourceTree = "<group>"; };
		BF45FFB7209BB20F0090C39C /* HorribleGreeterDecider.m */ = {isa = PBXFileReference; fileEncoding = 4; lastKnownFileType = sourcecode.c.objc; path = HorribleGreeterDecider.m; sourceTree = "<group>"; };
		BF45FFBD209BB21D0090C39C /* Server.h */ = {isa = PBXFileReference; fileEncoding = 4; lastKnownFileType = sourcecode.c.h; path = Server.h; sourceTree = "<group>"; };
		BF45FFBE209BB21D0090C39C /* Server.m */ = {isa = PBXFileReference; fileEncoding = 4; lastKnownFileType = sourcecode.c.objc; path = Server.m; sourceTree = "<group>"; };
/* End PBXFileReference section */

/* Begin PBXFrameworksBuildPhase section */
		BF45FFA1209BB1FB0090C39C /* Frameworks */ = {
			isa = PBXFrameworksBuildPhase;
			buildActionMask = 2147483647;
			files = (
			);
			runOnlyForDeploymentPostprocessing = 0;
		};
/* End PBXFrameworksBuildPhase section */

/* Begin PBXGroup section */
		BF45FF9B209BB1FB0090C39C = {
			isa = PBXGroup;
			children = (
				BF45FFA6209BB1FB0090C39C /* Assignment9 */,
				BF45FFA5209BB1FB0090C39C /* Products */,
			);
			sourceTree = "<group>";
		};
		BF45FFA5209BB1FB0090C39C /* Products */ = {
			isa = PBXGroup;
			children = (
				BF45FFA4209BB1FB0090C39C /* Assignment9 */,
			);
			name = Products;
			sourceTree = "<group>";
		};
		BF45FFA6209BB1FB0090C39C /* Assignment9 */ = {
			isa = PBXGroup;
			children = (
				BF45FFBD209BB21D0090C39C /* Server.h */,
				BF45FFBE209BB21D0090C39C /* Server.m */,
				BF45FFAE209BB20F0090C39C /* Cook.h */,
				BF45FFAF209BB20F0090C39C /* Cook.m */,
				BF45FFB0209BB20F0090C39C /* FoodTruck.h */,
				BF45FFB1209BB20F0090C39C /* FoodTruck.m */,
				BF45FFB2209BB20F0090C39C /* FriendlyGreeterDecider.h */,
				BF45FFB3209BB20F0090C39C /* FriendlyGreeterDecider.m */,
				BF45FFB4209BB20F0090C39C /* Greeter.h */,
				BF45FFB5209BB20F0090C39C /* Greeter.m */,
				BF45FFB6209BB20F0090C39C /* HorribleGreeterDecider.h */,
				BF45FFB7209BB20F0090C39C /* HorribleGreeterDecider.m */,
				BF45FFA7209BB1FB0090C39C /* main.m */,
			);
			path = Assignment9;
			sourceTree = "<group>";
		};
/* End PBXGroup section */

/* Begin PBXNativeTarget section */
		BF45FFA3209BB1FB0090C39C /* Assignment9 */ = {
			isa = PBXNativeTarget;
			buildConfigurationList = BF45FFAB209BB1FB0090C39C /* Build configuration list for PBXNativeTarget "Assignment9" */;
			buildPhases = (
				BF45FFA0209BB1FB0090C39C /* Sources */,
				BF45FFA1209BB1FB0090C39C /* Frameworks */,
				BF45FFA2209BB1FB0090C39C /* CopyFiles */,
			);
			buildRules = (
			);
			dependencies = (
			);
			name = Assignment9;
			productName = Assignment9;
			productReference = BF45FFA4209BB1FB0090C39C /* Assignment9 */;
			productType = "com.apple.product-type.tool";
		};
/* End PBXNativeTarget section */

/* Begin PBXProject section */
		BF45FF9C209BB1FB0090C39C /* Project object */ = {
			isa = PBXProject;
			attributes = {
				LastUpgradeCheck = 0820;
				ORGANIZATIONNAME = Jumpei;
				TargetAttributes = {
					BF45FFA3209BB1FB0090C39C = {
						CreatedOnToolsVersion = 8.2.1;
						ProvisioningStyle = Automatic;
					};
				};
			};
			buildConfigurationList = BF45FF9F209BB1FB0090C39C /* Build configuration list for PBXProject "Assignment9" */;
			compatibilityVersion = "Xcode 3.2";
			developmentRegion = English;
			hasScannedForEncodings = 0;
			knownRegions = (
				en,
			);
			mainGroup = BF45FF9B209BB1FB0090C39C;
			productRefGroup = BF45FFA5209BB1FB0090C39C /* Products */;
			projectDirPath = "";
			projectRoot = "";
			targets = (
				BF45FFA3209BB1FB0090C39C /* Assignment9 */,
			);
		};
/* End PBXProject section */

/* Begin PBXSourcesBuildPhase section */
		BF45FFA0209BB1FB0090C39C /* Sources */ = {
			isa = PBXSourcesBuildPhase;
			buildActionMask = 2147483647;
			files = (
				BF45FFBB209BB20F0090C39C /* Greeter.m in Sources */,
				BF45FFA8209BB1FB0090C39C /* main.m in Sources */,
				BF45FFBC209BB20F0090C39C /* HorribleGreeterDecider.m in Sources */,
				BF45FFB9209BB20F0090C39C /* FoodTruck.m in Sources */,
				BF45FFBA209BB20F0090C39C /* FriendlyGreeterDecider.m in Sources */,
				BF45FFB8209BB20F0090C39C /* Cook.m in Sources */,
				BF45FFBF209BB21D0090C39C /* Server.m in Sources */,
			);
			runOnlyForDeploymentPostprocessing = 0;
		};
/* End PBXSourcesBuildPhase section */

/* Begin XCBuildConfiguration section */
		BF45FFA9209BB1FB0090C39C /* Debug */ = {
			isa = XCBuildConfiguration;
			buildSettings = {
				ALWAYS_SEARCH_USER_PATHS = NO;
				CLANG_ANALYZER_NONNULL = YES;
				CLANG_CXX_LANGUAGE_STANDARD = "gnu++0x";
				CLANG_CXX_LIBRARY = "libc++";
				CLANG_ENABLE_MODULES = YES;
				CLANG_ENABLE_OBJC_ARC = YES;
				CLANG_WARN_BOOL_CONVERSION = YES;
				CLANG_WARN_CONSTANT_CONVERSION = YES;
				CLANG_WARN_DIRECT_OBJC_ISA_USAGE = YES_ERROR;
				CLANG_WARN_DOCUMENTATION_COMMENTS = YES;
				CLANG_WARN_EMPTY_BODY = YES;
				CLANG_WARN_ENUM_CONVERSION = YES;
				CLANG_WARN_INFINITE_RECURSION = YES;
				CLANG_WARN_INT_CONVERSION = YES;
				CLANG_WARN_OBJC_ROOT_CLASS = YES_ERROR;
				CLANG_WARN_SUSPICIOUS_MOVE = YES;
				CLANG_WARN_UNREACHABLE_CODE = YES;
				CLANG_WARN__DUPLICATE_METHOD_MATCH = YES;
				CODE_SIGN_IDENTITY = "-";
				COPY_PHASE_STRIP = NO;
				DEBUG_INFORMATION_FORMAT = dwarf;
				ENABLE_STRICT_OBJC_MSGSEND = YES;
				ENABLE_TESTABILITY = YES;
				GCC_C_LANGUAGE_STANDARD = gnu99;
				GCC_DYNAMIC_NO_PIC = NO;
				GCC_NO_COMMON_BLOCKS = YES;
				GCC_OPTIMIZATION_LEVEL = 0;
				GCC_PREPROCESSOR_DEFINITIONS = (
					"DEBUG=1",
					"$(inherited)",
				);
				GCC_WARN_64_TO_32_BIT_CONVERSION = YES;
				GCC_WARN_ABOUT_RETURN_TYPE = YES_ERROR;
				GCC_WARN_UNDECLARED_SELECTOR = YES;
				GCC_WARN_UNINITIALIZED_AUTOS = YES_AGGRESSIVE;
				GCC_WARN_UNUSED_FUNCTION = YES;
				GCC_WARN_UNUSED_VARIABLE = YES;
				MACOSX_DEPLOYMENT_TARGET = 10.13;
				MTL_ENABLE_DEBUG_INFO = YES;
				ONLY_ACTIVE_ARCH = YES;
				SDKROOT = macosx;
			};
			name = Debug;
		};
		BF45FFAA209BB1FB0090C39C /* Release */ = {
			isa = XCBuildConfiguration;
			buildSettings = {
				ALWAYS_SEARCH_USER_PATHS = NO;
				CLANG_ANALYZER_NONNULL = YES;
				CLANG_CXX_LANGUAGE_STANDARD = "gnu++0x";
				CLANG_CXX_LIBRARY = "libc++";
				CLANG_ENABLE_MODULES = YES;
				CLANG_ENABLE_OBJC_ARC = YES;
				CLANG_WARN_BOOL_CONVERSION = YES;
				CLANG_WARN_CONSTANT_CONVERSION = YES;
				CLANG_WARN_DIRECT_OBJC_ISA_USAGE = YES_ERROR;
				CLANG_WARN_DOCUMENTATION_COMMENTS = YES;
				CLANG_WARN_EMPTY_BODY = YES;
				CLANG_WARN_ENUM_CONVERSION = YES;
				CLANG_WARN_INFINITE_RECURSION = YES;
				CLANG_WARN_INT_CONVERSION = YES;
				CLANG_WARN_OBJC_ROOT_CLASS = YES_ERROR;
				CLANG_WARN_SUSPICIOUS_MOVE = YES;
				CLANG_WARN_UNREACHABLE_CODE = YES;
				CLANG_WARN__DUPLICATE_METHOD_MATCH = YES;
				CODE_SIGN_IDENTITY = "-";
				COPY_PHASE_STRIP = NO;
				DEBUG_INFORMATION_FORMAT = "dwarf-with-dsym";
				ENABLE_NS_ASSERTIONS = NO;
				ENABLE_STRICT_OBJC_MSGSEND = YES;
				GCC_C_LANGUAGE_STANDARD = gnu99;
				GCC_NO_COMMON_BLOCKS = YES;
				GCC_WARN_64_TO_32_BIT_CONVERSION = YES;
				GCC_WARN_ABOUT_RETURN_TYPE = YES_ERROR;
				GCC_WARN_UNDECLARED_SELECTOR = YES;
				GCC_WARN_UNINITIALIZED_AUTOS = YES_AGGRESSIVE;
				GCC_WARN_UNUSED_FUNCTION = YES;
				GCC_WARN_UNUSED_VARIABLE = YES;
				MACOSX_DEPLOYMENT_TARGET = 10.13;
				MTL_ENABLE_DEBUG_INFO = NO;
				SDKROOT = macosx;
			};
			name = Release;
		};
		BF45FFAC209BB1FB0090C39C /* Debug */ = {
			isa = XCBuildConfiguration;
			buildSettings = {
				PRODUCT_NAME = "$(TARGET_NAME)";
			};
			name = Debug;
		};
		BF45FFAD209BB1FB0090C39C /* Release */ = {
			isa = XCBuildConfiguration;
			buildSettings = {
				PRODUCT_NAME = "$(TARGET_NAME)";
			};
			name = Release;
		};
/* End XCBuildConfiguration section */

/* Begin XCConfigurationList section */
		BF45FF9F209BB1FB0090C39C /* Build configuration list for PBXProject "Assignment9" */ = {
			isa = XCConfigurationList;
			buildConfigurations = (
				BF45FFA9209BB1FB0090C39C /* Debug */,
				BF45FFAA209BB1FB0090C39C /* Release */,
			);
			defaultConfigurationIsVisible = 0;
			defaultConfigurationName = Release;
		};
		BF45FFAB209BB1FB0090C39C /* Build configuration list for PBXNativeTarget "Assignment9" */ = {
			isa = XCConfigurationList;
			buildConfigurations = (
				BF45FFAC209BB1FB0090C39C /* Debug */,
				BF45FFAD209BB1FB0090C39C /* Release */,
			);
			defaultConfigurationIsVisible = 0;
		};
/* End XCConfigurationList section */
	};
	rootObject = BF45FF9C209BB1FB0090C39C /* Project object */;
}
